
Microsoft Visual Studio Solution File, Format Version 12.00
# Visual Studio 2013
VisualStudioVersion = 12.0.30723.0
MinimumVisualStudioVersion = 10.0.40219.1
Project("{FAE04EC0-301F-11D3-BF4B-00C04F79EFBC}") = "Trabalho pratico", "Trabalho pratico\Trabalho pratico.csproj", "{5DFBEFCF-84C6-4E65-B4E2-CE83EAA81981}"
EndProject
Project("{FAE04EC0-301F-11D3-BF4B-00C04F79EFBC}") = "Metodos", "Metodos\Metodos.csproj", "{3F80CB78-F875-4DEB-ABA3-39AD7DEE9840}"
EndProject
Global
	GlobalSection(SolutionConfigurationPlatforms) = preSolution
		Debug|Any CPU = Debug|Any CPU
		Release|Any CPU = Release|Any CPU
	EndGlobalSection
	GlobalSection(ProjectConfigurationPlatforms) = postSolution
		{5DFBEFCF-84C6-4E65-B4E2-CE83EAA81981}.Debug|Any CPU.ActiveCfg = Debug|Any CPU
		{5DFBEFCF-84C6-4E65-B4E2-CE83EAA81981}.Debug|Any CPU.Build.0 = Debug|Any CPU
		{5DFBEFCF-84C6-4E65-B4E2-CE83EAA81981}.Release|Any CPU.ActiveCfg = Release|Any CPU
		{5DFBEFCF-84C6-4E65-B4E2-CE83EAA81981}.Release|Any CPU.Build.0 = Release|Any CPU
		{3F80CB78-F875-4DEB-ABA3-39AD7DEE9840}.Debug|Any CPU.ActiveCfg = Debug|Any CPU
		{3F80CB78-F875-4DEB-ABA3-39AD7DEE9840}.Debug|Any CPU.Build.0 = Debug|Any CPU
		{3F80CB78-F875-4DEB-ABA3-39AD7DEE9840}.Release|Any CPU.ActiveCfg = Release|Any CPU
		{3F80CB78-F875-4DEB-ABA3-39AD7DEE9840}.Release|Any CPU.Build.0 = Release|Any CPU
	EndGlobalSection
	GlobalSection(SolutionProperties) = preSolution
		HideSolutionNode = FALSE
	EndGlobalSection
EndGlobal
