
Microsoft Visual Studio Solution File, Format Version 12.00
# Visual Studio 14
VisualStudioVersion = 14.0.22609.0
MinimumVisualStudioVersion = 10.0.40219.1
Project("{FAE04EC0-301F-11D3-BF4B-00C04F79EFBC}") = "Apresentacao", "Apresentacao\Apresentacao.csproj", "{DE179BBA-2FE1-4F0F-860E-AFB91EDA1D51}"
EndProject
Project("{2150E333-8FDC-42A3-9474-1A3956D46DE8}") = "PL", "PL", "{5CAC31D8-0803-40FA-AE41-72FB5BDE2B18}"
EndProject
Project("{2150E333-8FDC-42A3-9474-1A3956D46DE8}") = "BL", "BL", "{3D1D7D26-B321-4D20-B54A-A45F3045E84F}"
EndProject
Project("{2150E333-8FDC-42A3-9474-1A3956D46DE8}") = "DL", "DL", "{C3829CE7-4B99-4536-90A5-C20A6EEE1C77}"
EndProject
Project("{FAE04EC0-301F-11D3-BF4B-00C04F79EFBC}") = "RegrasNegocio", "RegrasNegocio\RegrasNegocio.csproj", "{EFD31B25-B77C-4C9E-8CBD-121182493165}"
EndProject
Project("{FAE04EC0-301F-11D3-BF4B-00C04F79EFBC}") = "Empresa", "Empresa\Empresa.csproj", "{491BD0A2-8362-4561-AF09-FB5E7BC7BC13}"
EndProject
Project("{2150E333-8FDC-42A3-9474-1A3956D46DE8}") = "BO", "BO", "{E78641F0-8457-4DDC-BD20-2E6E4203EAEA}"
EndProject
Project("{FAE04EC0-301F-11D3-BF4B-00C04F79EFBC}") = "Objecto", "Objecto\Objecto.csproj", "{0F39C223-3A9F-4AFC-B67C-26EFFDEF6ECB}"
EndProject
Project("{FAE04EC0-301F-11D3-BF4B-00C04F79EFBC}") = "Exception", "ClassLibrary1\Exception.csproj", "{E65F2734-F3BD-4D11-8ABD-E6053F253D43}"
EndProject
Project("{FAE04EC0-301F-11D3-BF4B-00C04F79EFBC}") = "WindowsFormsApplication1", "WindowsFormsApplication1\WindowsFormsApplication1.csproj", "{F89ACB22-B51D-46E0-8A0E-DEECB8E6CEE4}"
EndProject
Global
	GlobalSection(SolutionConfigurationPlatforms) = preSolution
		Debug|Any CPU = Debug|Any CPU
		Release|Any CPU = Release|Any CPU
	EndGlobalSection
	GlobalSection(ProjectConfigurationPlatforms) = postSolution
		{DE179BBA-2FE1-4F0F-860E-AFB91EDA1D51}.Debug|Any CPU.ActiveCfg = Debug|Any CPU
		{DE179BBA-2FE1-4F0F-860E-AFB91EDA1D51}.Debug|Any CPU.Build.0 = Debug|Any CPU
		{DE179BBA-2FE1-4F0F-860E-AFB91EDA1D51}.Release|Any CPU.ActiveCfg = Release|Any CPU
		{DE179BBA-2FE1-4F0F-860E-AFB91EDA1D51}.Release|Any CPU.Build.0 = Release|Any CPU
		{EFD31B25-B77C-4C9E-8CBD-121182493165}.Debug|Any CPU.ActiveCfg = Debug|Any CPU
		{EFD31B25-B77C-4C9E-8CBD-121182493165}.Debug|Any CPU.Build.0 = Debug|Any CPU
		{EFD31B25-B77C-4C9E-8CBD-121182493165}.Release|Any CPU.ActiveCfg = Release|Any CPU
		{EFD31B25-B77C-4C9E-8CBD-121182493165}.Release|Any CPU.Build.0 = Release|Any CPU
		{491BD0A2-8362-4561-AF09-FB5E7BC7BC13}.Debug|Any CPU.ActiveCfg = Debug|Any CPU
		{491BD0A2-8362-4561-AF09-FB5E7BC7BC13}.Debug|Any CPU.Build.0 = Debug|Any CPU
		{491BD0A2-8362-4561-AF09-FB5E7BC7BC13}.Release|Any CPU.ActiveCfg = Release|Any CPU
		{491BD0A2-8362-4561-AF09-FB5E7BC7BC13}.Release|Any CPU.Build.0 = Release|Any CPU
		{0F39C223-3A9F-4AFC-B67C-26EFFDEF6ECB}.Debug|Any CPU.ActiveCfg = Debug|Any CPU
		{0F39C223-3A9F-4AFC-B67C-26EFFDEF6ECB}.Debug|Any CPU.Build.0 = Debug|Any CPU
		{0F39C223-3A9F-4AFC-B67C-26EFFDEF6ECB}.Release|Any CPU.ActiveCfg = Release|Any CPU
		{0F39C223-3A9F-4AFC-B67C-26EFFDEF6ECB}.Release|Any CPU.Build.0 = Release|Any CPU
		{E65F2734-F3BD-4D11-8ABD-E6053F253D43}.Debug|Any CPU.ActiveCfg = Debug|Any CPU
		{E65F2734-F3BD-4D11-8ABD-E6053F253D43}.Debug|Any CPU.Build.0 = Debug|Any CPU
		{E65F2734-F3BD-4D11-8ABD-E6053F253D43}.Release|Any CPU.ActiveCfg = Release|Any CPU
		{E65F2734-F3BD-4D11-8ABD-E6053F253D43}.Release|Any CPU.Build.0 = Release|Any CPU
		{F89ACB22-B51D-46E0-8A0E-DEECB8E6CEE4}.Debug|Any CPU.ActiveCfg = Debug|Any CPU
		{F89ACB22-B51D-46E0-8A0E-DEECB8E6CEE4}.Debug|Any CPU.Build.0 = Debug|Any CPU
		{F89ACB22-B51D-46E0-8A0E-DEECB8E6CEE4}.Release|Any CPU.ActiveCfg = Release|Any CPU
		{F89ACB22-B51D-46E0-8A0E-DEECB8E6CEE4}.Release|Any CPU.Build.0 = Release|Any CPU
	EndGlobalSection
	GlobalSection(SolutionProperties) = preSolution
		HideSolutionNode = FALSE
	EndGlobalSection
	GlobalSection(NestedProjects) = preSolution
		{DE179BBA-2FE1-4F0F-860E-AFB91EDA1D51} = {5CAC31D8-0803-40FA-AE41-72FB5BDE2B18}
		{EFD31B25-B77C-4C9E-8CBD-121182493165} = {3D1D7D26-B321-4D20-B54A-A45F3045E84F}
		{491BD0A2-8362-4561-AF09-FB5E7BC7BC13} = {C3829CE7-4B99-4536-90A5-C20A6EEE1C77}
		{0F39C223-3A9F-4AFC-B67C-26EFFDEF6ECB} = {E78641F0-8457-4DDC-BD20-2E6E4203EAEA}
		{E65F2734-F3BD-4D11-8ABD-E6053F253D43} = {C3829CE7-4B99-4536-90A5-C20A6EEE1C77}
		{F89ACB22-B51D-46E0-8A0E-DEECB8E6CEE4} = {5CAC31D8-0803-40FA-AE41-72FB5BDE2B18}
	EndGlobalSection
EndGlobal
